// !$*UTF8*$!
{
	archiveVersion = 1;
	classes = {
	};
	objectVersion = 46;
	objects = {

/* Begin PBXBuildFile section */
		AF490CE71D63F823009803E7 /* ZBLocationManager.m in Sources */ = {isa = PBXBuildFile; fileRef = AF490CE61D63F823009803E7 /* ZBLocationManager.m */; };
		AF490CEB1D63FDF6009803E7 /* CoreLocation.framework in Frameworks */ = {isa = PBXBuildFile; fileRef = AF490CEA1D63FDF6009803E7 /* CoreLocation.framework */; };
		AF490CF61D64074D009803E7 /* ZBLocateCityTVCell.m in Sources */ = {isa = PBXBuildFile; fileRef = AF490CF51D64074D009803E7 /* ZBLocateCityTVCell.m */; };
		AF490D051D640B5C009803E7 /* ZBBaseTableViewCell.m in Sources */ = {isa = PBXBuildFile; fileRef = AF490CFA1D640B5C009803E7 /* ZBBaseTableViewCell.m */; };
		AF490D061D640B5C009803E7 /* ZBBaseViewController.m in Sources */ = {isa = PBXBuildFile; fileRef = AF490CFC1D640B5C009803E7 /* ZBBaseViewController.m */; };
		AF490D071D640B5C009803E7 /* ZBNavigationBarView.m in Sources */ = {isa = PBXBuildFile; fileRef = AF490CFE1D640B5C009803E7 /* ZBNavigationBarView.m */; };
		AF490D081D640B5C009803E7 /* ZBNavigationController.m in Sources */ = {isa = PBXBuildFile; fileRef = AF490D001D640B5C009803E7 /* ZBNavigationController.m */; };
		AF490D091D640B5C009803E7 /* ZBTabBarController.m in Sources */ = {isa = PBXBuildFile; fileRef = AF490D021D640B5C009803E7 /* ZBTabBarController.m */; };
		AF490D0A1D640B5C009803E7 /* ZBTableViewController.m in Sources */ = {isa = PBXBuildFile; fileRef = AF490D041D640B5C009803E7 /* ZBTableViewController.m */; };
		AF490D0E1D640B90009803E7 /* NSString+ZBNSString.m in Sources */ = {isa = PBXBuildFile; fileRef = AF490D0D1D640B90009803E7 /* NSString+ZBNSString.m */; };
		AF7A27111D65814700DD7E25 /* ZBClipImageViewController.m in Sources */ = {isa = PBXBuildFile; fileRef = AF7A27101D65814700DD7E25 /* ZBClipImageViewController.m */; };
		AF7A27141D6593C900DD7E25 /* ZBImageCliper.m in Sources */ = {isa = PBXBuildFile; fileRef = AF7A27131D6593C900DD7E25 /* ZBImageCliper.m */; };
		AFB873551D62C81E00AE65DC /* ContanctGroupModel.m in Sources */ = {isa = PBXBuildFile; fileRef = AFB8734A1D62C81E00AE65DC /* ContanctGroupModel.m */; };
		AFB873561D62C81E00AE65DC /* ContanctModel.m in Sources */ = {isa = PBXBuildFile; fileRef = AFB8734C1D62C81E00AE65DC /* ContanctModel.m */; };
		AFB873571D62C81E00AE65DC /* ContanctsViewController.m in Sources */ = {isa = PBXBuildFile; fileRef = AFB8734E1D62C81E00AE65DC /* ContanctsViewController.m */; };
		AFB873581D62C81E00AE65DC /* NSMutableArray+FilterElement.m in Sources */ = {isa = PBXBuildFile; fileRef = AFB873501D62C81E00AE65DC /* NSMutableArray+FilterElement.m */; };
		AFB8735A1D62C81E00AE65DC /* POAPinyin.m in Sources */ = {isa = PBXBuildFile; fileRef = AFB873541D62C81E00AE65DC /* POAPinyin.m */; };
		AFB8735F1D62C89D00AE65DC /* pinyin.m in Sources */ = {isa = PBXBuildFile; fileRef = AFB873511D62C81E00AE65DC /* pinyin.m */; };
		AFB873641D63055F00AE65DC /* ZBCitySelectViewController.m in Sources */ = {isa = PBXBuildFile; fileRef = AFB873631D63055F00AE65DC /* ZBCitySelectViewController.m */; };
		AFB873681D631B1200AE65DC /* ZBCityGroupModel.m in Sources */ = {isa = PBXBuildFile; fileRef = AFB873671D631B1200AE65DC /* ZBCityGroupModel.m */; };
		AFB8736B1D631B3000AE65DC /* ZBCityModel.m in Sources */ = {isa = PBXBuildFile; fileRef = AFB8736A1D631B3000AE65DC /* ZBCityModel.m */; };
		AFD554BA1D5DBA6C00632E33 /* Default-568h@2x.png in Resources */ = {isa = PBXBuildFile; fileRef = AFD554B91D5DBA6C00632E33 /* Default-568h@2x.png */; };
		AFD554D31D5DD41400632E33 /* ZBEntryViewController.m in Sources */ = {isa = PBXBuildFile; fileRef = AFD554D21D5DD41400632E33 /* ZBEntryViewController.m */; };
		AFDC82181D5D9A2500BF5577 /* main.m in Sources */ = {isa = PBXBuildFile; fileRef = AFDC82171D5D9A2500BF5577 /* main.m */; };
		AFDC821B1D5D9A2500BF5577 /* AppDelegate.m in Sources */ = {isa = PBXBuildFile; fileRef = AFDC821A1D5D9A2500BF5577 /* AppDelegate.m */; };
		AFDC82231D5D9A2500BF5577 /* Assets.xcassets in Resources */ = {isa = PBXBuildFile; fileRef = AFDC82221D5D9A2500BF5577 /* Assets.xcassets */; };
		AFDC82261D5D9A2500BF5577 /* LaunchScreen.storyboard in Resources */ = {isa = PBXBuildFile; fileRef = AFDC82241D5D9A2500BF5577 /* LaunchScreen.storyboard */; };
		BB0C497F1D6627BC009A3ADE /* ZBImageManager.m in Sources */ = {isa = PBXBuildFile; fileRef = BB0C497E1D6627BC009A3ADE /* ZBImageManager.m */; };
/* End PBXBuildFile section */

/* Begin PBXFileReference section */
		AF490CE51D63F823009803E7 /* ZBLocationManager.h */ = {isa = PBXFileReference; fileEncoding = 4; lastKnownFileType = sourcecode.c.h; path = ZBLocationManager.h; sourceTree = "<group>"; };
		AF490CE61D63F823009803E7 /* ZBLocationManager.m */ = {isa = PBXFileReference; fileEncoding = 4; lastKnownFileType = sourcecode.c.objc; path = ZBLocationManager.m; sourceTree = "<group>"; };
		AF490CEA1D63FDF6009803E7 /* CoreLocation.framework */ = {isa = PBXFileReference; lastKnownFileType = wrapper.framework; name = CoreLocation.framework; path = System/Library/Frameworks/CoreLocation.framework; sourceTree = SDKROOT; };
		AF490CF41D64074D009803E7 /* ZBLocateCityTVCell.h */ = {isa = PBXFileReference; fileEncoding = 4; lastKnownFileType = sourcecode.c.h; path = ZBLocateCityTVCell.h; sourceTree = "<group>"; };
		AF490CF51D64074D009803E7 /* ZBLocateCityTVCell.m */ = {isa = PBXFileReference; fileEncoding = 4; lastKnownFileType = sourcecode.c.objc; path = ZBLocateCityTVCell.m; sourceTree = "<group>"; };
		AF490CF91D640B5C009803E7 /* ZBBaseTableViewCell.h */ = {isa = PBXFileReference; fileEncoding = 4; lastKnownFileType = sourcecode.c.h; path = ZBBaseTableViewCell.h; sourceTree = "<group>"; };
		AF490CFA1D640B5C009803E7 /* ZBBaseTableViewCell.m */ = {isa = PBXFileReference; fileEncoding = 4; lastKnownFileType = sourcecode.c.objc; path = ZBBaseTableViewCell.m; sourceTree = "<group>"; };
		AF490CFB1D640B5C009803E7 /* ZBBaseViewController.h */ = {isa = PBXFileReference; fileEncoding = 4; lastKnownFileType = sourcecode.c.h; path = ZBBaseViewController.h; sourceTree = "<group>"; };
		AF490CFC1D640B5C009803E7 /* ZBBaseViewController.m */ = {isa = PBXFileReference; fileEncoding = 4; lastKnownFileType = sourcecode.c.objc; path = ZBBaseViewController.m; sourceTree = "<group>"; };
		AF490CFD1D640B5C009803E7 /* ZBNavigationBarView.h */ = {isa = PBXFileReference; fileEncoding = 4; lastKnownFileType = sourcecode.c.h; path = ZBNavigationBarView.h; sourceTree = "<group>"; };
		AF490CFE1D640B5C009803E7 /* ZBNavigationBarView.m */ = {isa = PBXFileReference; fileEncoding = 4; lastKnownFileType = sourcecode.c.objc; path = ZBNavigationBarView.m; sourceTree = "<group>"; };
		AF490CFF1D640B5C009803E7 /* ZBNavigationController.h */ = {isa = PBXFileReference; fileEncoding = 4; lastKnownFileType = sourcecode.c.h; path = ZBNavigationController.h; sourceTree = "<group>"; };
		AF490D001D640B5C009803E7 /* ZBNavigationController.m */ = {isa = PBXFileReference; fileEncoding = 4; lastKnownFileType = sourcecode.c.objc; path = ZBNavigationController.m; sourceTree = "<group>"; };
		AF490D011D640B5C009803E7 /* ZBTabBarController.h */ = {isa = PBXFileReference; fileEncoding = 4; lastKnownFileType = sourcecode.c.h; path = ZBTabBarController.h; sourceTree = "<group>"; };
		AF490D021D640B5C009803E7 /* ZBTabBarController.m */ = {isa = PBXFileReference; fileEncoding = 4; lastKnownFileType = sourcecode.c.objc; path = ZBTabBarController.m; sourceTree = "<group>"; };
		AF490D031D640B5C009803E7 /* ZBTableViewController.h */ = {isa = PBXFileReference; fileEncoding = 4; lastKnownFileType = sourcecode.c.h; path = ZBTableViewController.h; sourceTree = "<group>"; };
		AF490D041D640B5C009803E7 /* ZBTableViewController.m */ = {isa = PBXFileReference; fileEncoding = 4; lastKnownFileType = sourcecode.c.objc; path = ZBTableViewController.m; sourceTree = "<group>"; };
		AF490D0C1D640B90009803E7 /* NSString+ZBNSString.h */ = {isa = PBXFileReference; fileEncoding = 4; lastKnownFileType = sourcecode.c.h; path = "NSString+ZBNSString.h"; sourceTree = "<group>"; };
		AF490D0D1D640B90009803E7 /* NSString+ZBNSString.m */ = {isa = PBXFileReference; fileEncoding = 4; lastKnownFileType = sourcecode.c.objc; path = "NSString+ZBNSString.m"; sourceTree = "<group>"; };
		AF7A270F1D65814700DD7E25 /* ZBClipImageViewController.h */ = {isa = PBXFileReference; fileEncoding = 4; lastKnownFileType = sourcecode.c.h; path = ZBClipImageViewController.h; sourceTree = "<group>"; };
		AF7A27101D65814700DD7E25 /* ZBClipImageViewController.m */ = {isa = PBXFileReference; fileEncoding = 4; lastKnownFileType = sourcecode.c.objc; path = ZBClipImageViewController.m; sourceTree = "<group>"; };
		AF7A27121D6593C900DD7E25 /* ZBImageCliper.h */ = {isa = PBXFileReference; fileEncoding = 4; lastKnownFileType = sourcecode.c.h; path = ZBImageCliper.h; sourceTree = "<group>"; };
		AF7A27131D6593C900DD7E25 /* ZBImageCliper.m */ = {isa = PBXFileReference; fileEncoding = 4; lastKnownFileType = sourcecode.c.objc; path = ZBImageCliper.m; sourceTree = "<group>"; };
		AFB873491D62C81E00AE65DC /* ContanctGroupModel.h */ = {isa = PBXFileReference; fileEncoding = 4; lastKnownFileType = sourcecode.c.h; path = ContanctGroupModel.h; sourceTree = "<group>"; };
		AFB8734A1D62C81E00AE65DC /* ContanctGroupModel.m */ = {isa = PBXFileReference; fileEncoding = 4; lastKnownFileType = sourcecode.c.objc; path = ContanctGroupModel.m; sourceTree = "<group>"; };
		AFB8734B1D62C81E00AE65DC /* ContanctModel.h */ = {isa = PBXFileReference; fileEncoding = 4; lastKnownFileType = sourcecode.c.h; path = ContanctModel.h; sourceTree = "<group>"; };
		AFB8734C1D62C81E00AE65DC /* ContanctModel.m */ = {isa = PBXFileReference; fileEncoding = 4; lastKnownFileType = sourcecode.c.objc; path = ContanctModel.m; sourceTree = "<group>"; };
		AFB8734D1D62C81E00AE65DC /* ContanctsViewController.h */ = {isa = PBXFileReference; fileEncoding = 4; lastKnownFileType = sourcecode.c.h; path = ContanctsViewController.h; sourceTree = "<group>"; };
		AFB8734E1D62C81E00AE65DC /* ContanctsViewController.m */ = {isa = PBXFileReference; fileEncoding = 4; lastKnownFileType = sourcecode.c.objc; path = ContanctsViewController.m; sourceTree = "<group>"; };
		AFB8734F1D62C81E00AE65DC /* NSMutableArray+FilterElement.h */ = {isa = PBXFileReference; fileEncoding = 4; lastKnownFileType = sourcecode.c.h; path = "NSMutableArray+FilterElement.h"; sourceTree = "<group>"; };
		AFB873501D62C81E00AE65DC /* NSMutableArray+FilterElement.m */ = {isa = PBXFileReference; fileEncoding = 4; lastKnownFileType = sourcecode.c.objc; path = "NSMutableArray+FilterElement.m"; sourceTree = "<group>"; };
		AFB873511D62C81E00AE65DC /* pinyin.m */ = {isa = PBXFileReference; fileEncoding = 4; lastKnownFileType = sourcecode.c.objc; path = pinyin.m; sourceTree = "<group>"; };
		AFB873521D62C81E00AE65DC /* pinyin.h */ = {isa = PBXFileReference; fileEncoding = 4; lastKnownFileType = sourcecode.c.h; path = pinyin.h; sourceTree = "<group>"; };
		AFB873531D62C81E00AE65DC /* POAPinyin.h */ = {isa = PBXFileReference; fileEncoding = 4; lastKnownFileType = sourcecode.c.h; path = POAPinyin.h; sourceTree = "<group>"; };
		AFB873541D62C81E00AE65DC /* POAPinyin.m */ = {isa = PBXFileReference; fileEncoding = 4; lastKnownFileType = sourcecode.c.objc; path = POAPinyin.m; sourceTree = "<group>"; };
		AFB873621D63055F00AE65DC /* ZBCitySelectViewController.h */ = {isa = PBXFileReference; fileEncoding = 4; lastKnownFileType = sourcecode.c.h; path = ZBCitySelectViewController.h; sourceTree = "<group>"; };
		AFB873631D63055F00AE65DC /* ZBCitySelectViewController.m */ = {isa = PBXFileReference; fileEncoding = 4; lastKnownFileType = sourcecode.c.objc; path = ZBCitySelectViewController.m; sourceTree = "<group>"; };
		AFB873661D631B1200AE65DC /* ZBCityGroupModel.h */ = {isa = PBXFileReference; fileEncoding = 4; lastKnownFileType = sourcecode.c.h; path = ZBCityGroupModel.h; sourceTree = "<group>"; };
		AFB873671D631B1200AE65DC /* ZBCityGroupModel.m */ = {isa = PBXFileReference; fileEncoding = 4; lastKnownFileType = sourcecode.c.objc; path = ZBCityGroupModel.m; sourceTree = "<group>"; };
		AFB873691D631B3000AE65DC /* ZBCityModel.h */ = {isa = PBXFileReference; fileEncoding = 4; lastKnownFileType = sourcecode.c.h; path = ZBCityModel.h; sourceTree = "<group>"; };
		AFB8736A1D631B3000AE65DC /* ZBCityModel.m */ = {isa = PBXFileReference; fileEncoding = 4; lastKnownFileType = sourcecode.c.objc; path = ZBCityModel.m; sourceTree = "<group>"; };
		AFD554B91D5DBA6C00632E33 /* Default-568h@2x.png */ = {isa = PBXFileReference; lastKnownFileType = image.png; path = "Default-568h@2x.png"; sourceTree = "<group>"; };
		AFD554D11D5DD41400632E33 /* ZBEntryViewController.h */ = {isa = PBXFileReference; fileEncoding = 4; lastKnownFileType = sourcecode.c.h; path = ZBEntryViewController.h; sourceTree = "<group>"; };
		AFD554D21D5DD41400632E33 /* ZBEntryViewController.m */ = {isa = PBXFileReference; fileEncoding = 4; lastKnownFileType = sourcecode.c.objc; path = ZBEntryViewController.m; sourceTree = "<group>"; };
		AFDC82131D5D9A2500BF5577 /* LZBDEMO.app */ = {isa = PBXFileReference; explicitFileType = wrapper.application; includeInIndex = 0; path = LZBDEMO.app; sourceTree = BUILT_PRODUCTS_DIR; };
		AFDC82171D5D9A2500BF5577 /* main.m */ = {isa = PBXFileReference; lastKnownFileType = sourcecode.c.objc; path = main.m; sourceTree = "<group>"; };
		AFDC82191D5D9A2500BF5577 /* AppDelegate.h */ = {isa = PBXFileReference; lastKnownFileType = sourcecode.c.h; path = AppDelegate.h; sourceTree = "<group>"; };
		AFDC821A1D5D9A2500BF5577 /* AppDelegate.m */ = {isa = PBXFileReference; lastKnownFileType = sourcecode.c.objc; path = AppDelegate.m; sourceTree = "<group>"; };
		AFDC82221D5D9A2500BF5577 /* Assets.xcassets */ = {isa = PBXFileReference; lastKnownFileType = folder.assetcatalog; path = Assets.xcassets; sourceTree = "<group>"; };
		AFDC82251D5D9A2500BF5577 /* Base */ = {isa = PBXFileReference; lastKnownFileType = file.storyboard; name = Base; path = Base.lproj/LaunchScreen.storyboard; sourceTree = "<group>"; };
		AFDC82271D5D9A2500BF5577 /* Info.plist */ = {isa = PBXFileReference; lastKnownFileType = text.plist.xml; path = Info.plist; sourceTree = "<group>"; };
		AFDC822D1D5D9AB400BF5577 /* PrefixHeader.pch */ = {isa = PBXFileReference; lastKnownFileType = sourcecode.c.h; path = PrefixHeader.pch; sourceTree = "<group>"; };
		AFDC82321D5D9CD300BF5577 /* GlobalDefine.h */ = {isa = PBXFileReference; lastKnownFileType = sourcecode.c.h; path = GlobalDefine.h; sourceTree = "<group>"; };
		BB0C497D1D6627BC009A3ADE /* ZBImageManager.h */ = {isa = PBXFileReference; fileEncoding = 4; lastKnownFileType = sourcecode.c.h; path = ZBImageManager.h; sourceTree = "<group>"; };
		BB0C497E1D6627BC009A3ADE /* ZBImageManager.m */ = {isa = PBXFileReference; fileEncoding = 4; lastKnownFileType = sourcecode.c.objc; path = ZBImageManager.m; sourceTree = "<group>"; };
/* End PBXFileReference section */

/* Begin PBXFrameworksBuildPhase section */
		AFDC82101D5D9A2500BF5577 /* Frameworks */ = {
			isa = PBXFrameworksBuildPhase;
			buildActionMask = 2147483647;
			files = (
				AF490CEB1D63FDF6009803E7 /* CoreLocation.framework in Frameworks */,
			);
			runOnlyForDeploymentPostprocessing = 0;
		};
/* End PBXFrameworksBuildPhase section */

/* Begin PBXGroup section */
		AF490CE41D63F80C009803E7 /* ZBLocationManager */ = {
			isa = PBXGroup;
			children = (
				AF490CE51D63F823009803E7 /* ZBLocationManager.h */,
				AF490CE61D63F823009803E7 /* ZBLocationManager.m */,
			);
			name = ZBLocationManager;
			sourceTree = "<group>";
		};
		AF490CEC1D64067E009803E7 /* View */ = {
			isa = PBXGroup;
			children = (
				AF490CF41D64074D009803E7 /* ZBLocateCityTVCell.h */,
				AF490CF51D64074D009803E7 /* ZBLocateCityTVCell.m */,
			);
			name = View;
			sourceTree = "<group>";
		};
		AF490CF81D640B5C009803E7 /* ZBBaseClass */ = {
			isa = PBXGroup;
			children = (
				AF490CF91D640B5C009803E7 /* ZBBaseTableViewCell.h */,
				AF490CFA1D640B5C009803E7 /* ZBBaseTableViewCell.m */,
				AF490CFB1D640B5C009803E7 /* ZBBaseViewController.h */,
				AF490CFC1D640B5C009803E7 /* ZBBaseViewController.m */,
				AF490CFD1D640B5C009803E7 /* ZBNavigationBarView.h */,
				AF490CFE1D640B5C009803E7 /* ZBNavigationBarView.m */,
				AF490CFF1D640B5C009803E7 /* ZBNavigationController.h */,
				AF490D001D640B5C009803E7 /* ZBNavigationController.m */,
				AF490D011D640B5C009803E7 /* ZBTabBarController.h */,
				AF490D021D640B5C009803E7 /* ZBTabBarController.m */,
				AF490D031D640B5C009803E7 /* ZBTableViewController.h */,
				AF490D041D640B5C009803E7 /* ZBTableViewController.m */,
			);
			path = ZBBaseClass;
			sourceTree = "<group>";
		};
		AF490D0B1D640B6A009803E7 /* ZBCategory */ = {
			isa = PBXGroup;
			children = (
				AF490D0C1D640B90009803E7 /* NSString+ZBNSString.h */,
				AF490D0D1D640B90009803E7 /* NSString+ZBNSString.m */,
			);
			name = ZBCategory;
			sourceTree = "<group>";
		};
		AF7A270E1D65811A00DD7E25 /* ClipImageDemo */ = {
			isa = PBXGroup;
			children = (
				BB0C497D1D6627BC009A3ADE /* ZBImageManager.h */,
				BB0C497E1D6627BC009A3ADE /* ZBImageManager.m */,
				AF7A27121D6593C900DD7E25 /* ZBImageCliper.h */,
				AF7A27131D6593C900DD7E25 /* ZBImageCliper.m */,
				AF7A270F1D65814700DD7E25 /* ZBClipImageViewController.h */,
				AF7A27101D65814700DD7E25 /* ZBClipImageViewController.m */,
			);
			path = ClipImageDemo;
			sourceTree = "<group>";
		};
		AFB873481D62C81E00AE65DC /* ContanctsDemo */ = {
			isa = PBXGroup;
			children = (
				AFB873491D62C81E00AE65DC /* ContanctGroupModel.h */,
				AFB8734A1D62C81E00AE65DC /* ContanctGroupModel.m */,
				AFB8734B1D62C81E00AE65DC /* ContanctModel.h */,
				AFB8734C1D62C81E00AE65DC /* ContanctModel.m */,
				AFB8734D1D62C81E00AE65DC /* ContanctsViewController.h */,
				AFB8734E1D62C81E00AE65DC /* ContanctsViewController.m */,
				AFB8734F1D62C81E00AE65DC /* NSMutableArray+FilterElement.h */,
				AFB873501D62C81E00AE65DC /* NSMutableArray+FilterElement.m */,
				AFB873511D62C81E00AE65DC /* pinyin.m */,
				AFB873521D62C81E00AE65DC /* pinyin.h */,
				AFB873531D62C81E00AE65DC /* POAPinyin.h */,
				AFB873541D62C81E00AE65DC /* POAPinyin.m */,
			);
			path = ContanctsDemo;
			sourceTree = "<group>";
		};
		AFB873611D63052200AE65DC /* CitySelectDemo */ = {
			isa = PBXGroup;
			children = (
				AF490CEC1D64067E009803E7 /* View */,
				AF490CE41D63F80C009803E7 /* ZBLocationManager */,
				AFB873651D631B0200AE65DC /* CityModel */,
				AFB873621D63055F00AE65DC /* ZBCitySelectViewController.h */,
				AFB873631D63055F00AE65DC /* ZBCitySelectViewController.m */,
			);
			path = CitySelectDemo;
			sourceTree = "<group>";
		};
		AFB873651D631B0200AE65DC /* CityModel */ = {
			isa = PBXGroup;
			children = (
				AFB873691D631B3000AE65DC /* ZBCityModel.h */,
				AFB8736A1D631B3000AE65DC /* ZBCityModel.m */,
				AFB873661D631B1200AE65DC /* ZBCityGroupModel.h */,
				AFB873671D631B1200AE65DC /* ZBCityGroupModel.m */,
			);
			name = CityModel;
			sourceTree = "<group>";
		};
		AFD554C81D5DD2BB00632E33 /* DEMO */ = {
			isa = PBXGroup;
			children = (
				AF7A270E1D65811A00DD7E25 /* ClipImageDemo */,
				AFB873611D63052200AE65DC /* CitySelectDemo */,
				AFB873481D62C81E00AE65DC /* ContanctsDemo */,
				AFD554D11D5DD41400632E33 /* ZBEntryViewController.h */,
				AFD554D21D5DD41400632E33 /* ZBEntryViewController.m */,
			);
			name = DEMO;
			sourceTree = "<group>";
		};
		AFDC820A1D5D9A2500BF5577 = {
			isa = PBXGroup;
			children = (
				AF490CEA1D63FDF6009803E7 /* CoreLocation.framework */,
				AFD554B91D5DBA6C00632E33 /* Default-568h@2x.png */,
				AFDC82151D5D9A2500BF5577 /* LZBDEMO */,
				AFDC82141D5D9A2500BF5577 /* Products */,
			);
			sourceTree = "<group>";
		};
		AFDC82141D5D9A2500BF5577 /* Products */ = {
			isa = PBXGroup;
			children = (
				AFDC82131D5D9A2500BF5577 /* LZBDEMO.app */,
			);
			name = Products;
			sourceTree = "<group>";
		};
		AFDC82151D5D9A2500BF5577 /* LZBDEMO */ = {
			isa = PBXGroup;
			children = (
				AFD554C81D5DD2BB00632E33 /* DEMO */,
				AF490D0B1D640B6A009803E7 /* ZBCategory */,
				AF490CF81D640B5C009803E7 /* ZBBaseClass */,
				AFDC82221D5D9A2500BF5577 /* Assets.xcassets */,
				AFDC82241D5D9A2500BF5577 /* LaunchScreen.storyboard */,
				AFDC82271D5D9A2500BF5577 /* Info.plist */,
				AFDC82161D5D9A2500BF5577 /* Supporting Files */,
			);
			path = LZBDEMO;
			sourceTree = "<group>";
		};
		AFDC82161D5D9A2500BF5577 /* Supporting Files */ = {
			isa = PBXGroup;
			children = (
				AFDC82191D5D9A2500BF5577 /* AppDelegate.h */,
				AFDC821A1D5D9A2500BF5577 /* AppDelegate.m */,
				AFDC822D1D5D9AB400BF5577 /* PrefixHeader.pch */,
				AFDC82321D5D9CD300BF5577 /* GlobalDefine.h */,
				AFDC82171D5D9A2500BF5577 /* main.m */,
			);
			name = "Supporting Files";
			sourceTree = "<group>";
		};
/* End PBXGroup section */

/* Begin PBXNativeTarget section */
		AFDC82121D5D9A2500BF5577 /* LZBDEMO */ = {
			isa = PBXNativeTarget;
			buildConfigurationList = AFDC822A1D5D9A2500BF5577 /* Build configuration list for PBXNativeTarget "LZBDEMO" */;
			buildPhases = (
				AFDC820F1D5D9A2500BF5577 /* Sources */,
				AFDC82101D5D9A2500BF5577 /* Frameworks */,
				AFDC82111D5D9A2500BF5577 /* Resources */,
			);
			buildRules = (
			);
			dependencies = (
			);
			name = LZBDEMO;
			productName = LZBDEMO;
			productReference = AFDC82131D5D9A2500BF5577 /* LZBDEMO.app */;
			productType = "com.apple.product-type.application";
		};
/* End PBXNativeTarget section */

/* Begin PBXProject section */
		AFDC820B1D5D9A2500BF5577 /* Project object */ = {
			isa = PBXProject;
			attributes = {
				CLASSPREFIX = ZB;
				LastUpgradeCheck = 0730;
				ORGANIZATIONNAME = "伙伴行";
				TargetAttributes = {
					AFDC82121D5D9A2500BF5577 = {
						CreatedOnToolsVersion = 7.3;
						SystemCapabilities = {
							com.apple.BackgroundModes = {
								enabled = 1;
							};
						};
					};
				};
			};
			buildConfigurationList = AFDC820E1D5D9A2500BF5577 /* Build configuration list for PBXProject "LZBDEMO" */;
			compatibilityVersion = "Xcode 3.2";
			developmentRegion = English;
			hasScannedForEncodings = 0;
			knownRegions = (
				en,
				Base,
			);
			mainGroup = AFDC820A1D5D9A2500BF5577;
			productRefGroup = AFDC82141D5D9A2500BF5577 /* Products */;
			projectDirPath = "";
			projectRoot = "";
			targets = (
				AFDC82121D5D9A2500BF5577 /* LZBDEMO */,
			);
		};
/* End PBXProject section */

/* Begin PBXResourcesBuildPhase section */
		AFDC82111D5D9A2500BF5577 /* Resources */ = {
			isa = PBXResourcesBuildPhase;
			buildActionMask = 2147483647;
			files = (
				AFDC82261D5D9A2500BF5577 /* LaunchScreen.storyboard in Resources */,
				AFDC82231D5D9A2500BF5577 /* Assets.xcassets in Resources */,
				AFD554BA1D5DBA6C00632E33 /* Default-568h@2x.png in Resources */,
			);
			runOnlyForDeploymentPostprocessing = 0;
		};
/* End PBXResourcesBuildPhase section */

/* Begin PBXSourcesBuildPhase section */
		AFDC820F1D5D9A2500BF5577 /* Sources */ = {
			isa = PBXSourcesBuildPhase;
			buildActionMask = 2147483647;
			files = (
				AF7A27111D65814700DD7E25 /* ZBClipImageViewController.m in Sources */,
				AFB873681D631B1200AE65DC /* ZBCityGroupModel.m in Sources */,
				AF7A27141D6593C900DD7E25 /* ZBImageCliper.m in Sources */,
				AF490D051D640B5C009803E7 /* ZBBaseTableViewCell.m in Sources */,
				AFB8735F1D62C89D00AE65DC /* pinyin.m in Sources */,
				BB0C497F1D6627BC009A3ADE /* ZBImageManager.m in Sources */,
				AF490D081D640B5C009803E7 /* ZBNavigationController.m in Sources */,
				AF490CF61D64074D009803E7 /* ZBLocateCityTVCell.m in Sources */,
				AFB873641D63055F00AE65DC /* ZBCitySelectViewController.m in Sources */,
				AFD554D31D5DD41400632E33 /* ZBEntryViewController.m in Sources */,
				AFB873571D62C81E00AE65DC /* ContanctsViewController.m in Sources */,
				AF490D061D640B5C009803E7 /* ZBBaseViewController.m in Sources */,
				AF490D0A1D640B5C009803E7 /* ZBTableViewController.m in Sources */,
				AFB873551D62C81E00AE65DC /* ContanctGroupModel.m in Sources */,
				AF490D091D640B5C009803E7 /* ZBTabBarController.m in Sources */,
				AFDC821B1D5D9A2500BF5577 /* AppDelegate.m in Sources */,
				AFB873581D62C81E00AE65DC /* NSMutableArray+FilterElement.m in Sources */,
				AF490CE71D63F823009803E7 /* ZBLocationManager.m in Sources */,
				AFB8735A1D62C81E00AE65DC /* POAPinyin.m in Sources */,
				AF490D071D640B5C009803E7 /* ZBNavigationBarView.m in Sources */,
				AFDC82181D5D9A2500BF5577 /* main.m in Sources */,
				AFB873561D62C81E00AE65DC /* ContanctModel.m in Sources */,
				AFB8736B1D631B3000AE65DC /* ZBCityModel.m in Sources */,
				AF490D0E1D640B90009803E7 /* NSString+ZBNSString.m in Sources */,
			);
			runOnlyForDeploymentPostprocessing = 0;
		};
/* End PBXSourcesBuildPhase section */

/* Begin PBXVariantGroup section */
		AFDC82241D5D9A2500BF5577 /* LaunchScreen.storyboard */ = {
			isa = PBXVariantGroup;
			children = (
				AFDC82251D5D9A2500BF5577 /* Base */,
			);
			name = LaunchScreen.storyboard;
			sourceTree = "<group>";
		};
/* End PBXVariantGroup section */

/* Begin XCBuildConfiguration section */
		AFDC82281D5D9A2500BF5577 /* Debug */ = {
			isa = XCBuildConfiguration;
			buildSettings = {
				ALWAYS_SEARCH_USER_PATHS = NO;
				CLANG_ANALYZER_NONNULL = YES;
				CLANG_CXX_LANGUAGE_STANDARD = "gnu++0x";
				CLANG_CXX_LIBRARY = "libc++";
				CLANG_ENABLE_MODULES = YES;
				CLANG_ENABLE_OBJC_ARC = YES;
				CLANG_WARN_BOOL_CONVERSION = YES;
				CLANG_WARN_CONSTANT_CONVERSION = YES;
				CLANG_WARN_DIRECT_OBJC_ISA_USAGE = YES_ERROR;
				CLANG_WARN_EMPTY_BODY = YES;
				CLANG_WARN_ENUM_CONVERSION = YES;
				CLANG_WARN_INT_CONVERSION = YES;
				CLANG_WARN_OBJC_ROOT_CLASS = YES_ERROR;
				CLANG_WARN_UNREACHABLE_CODE = YES;
				CLANG_WARN__DUPLICATE_METHOD_MATCH = YES;
				"CODE_SIGN_IDENTITY[sdk=iphoneos*]" = "iPhone Developer";
				COPY_PHASE_STRIP = NO;
				DEBUG_INFORMATION_FORMAT = dwarf;
				ENABLE_STRICT_OBJC_MSGSEND = YES;
				ENABLE_TESTABILITY = YES;
				GCC_C_LANGUAGE_STANDARD = gnu99;
				GCC_DYNAMIC_NO_PIC = NO;
				GCC_NO_COMMON_BLOCKS = YES;
				GCC_OPTIMIZATION_LEVEL = 0;
				GCC_PREPROCESSOR_DEFINITIONS = (
					"DEBUG=1",
					"$(inherited)",
				);
				GCC_WARN_64_TO_32_BIT_CONVERSION = YES;
				GCC_WARN_ABOUT_RETURN_TYPE = YES_ERROR;
				GCC_WARN_UNDECLARED_SELECTOR = YES;
				GCC_WARN_UNINITIALIZED_AUTOS = YES_AGGRESSIVE;
				GCC_WARN_UNUSED_FUNCTION = YES;
				GCC_WARN_UNUSED_VARIABLE = YES;
				IPHONEOS_DEPLOYMENT_TARGET = 9.3;
				MTL_ENABLE_DEBUG_INFO = YES;
				ONLY_ACTIVE_ARCH = YES;
				SDKROOT = iphoneos;
				TARGETED_DEVICE_FAMILY = "1,2";
			};
			name = Debug;
		};
		AFDC82291D5D9A2500BF5577 /* Release */ = {
			isa = XCBuildConfiguration;
			buildSettings = {
				ALWAYS_SEARCH_USER_PATHS = NO;
				CLANG_ANALYZER_NONNULL = YES;
				CLANG_CXX_LANGUAGE_STANDARD = "gnu++0x";
				CLANG_CXX_LIBRARY = "libc++";
				CLANG_ENABLE_MODULES = YES;
				CLANG_ENABLE_OBJC_ARC = YES;
				CLANG_WARN_BOOL_CONVERSION = YES;
				CLANG_WARN_CONSTANT_CONVERSION = YES;
				CLANG_WARN_DIRECT_OBJC_ISA_USAGE = YES_ERROR;
				CLANG_WARN_EMPTY_BODY = YES;
				CLANG_WARN_ENUM_CONVERSION = YES;
				CLANG_WARN_INT_CONVERSION = YES;
				CLANG_WARN_OBJC_ROOT_CLASS = YES_ERROR;
				CLANG_WARN_UNREACHABLE_CODE = YES;
				CLANG_WARN__DUPLICATE_METHOD_MATCH = YES;
				"CODE_SIGN_IDENTITY[sdk=iphoneos*]" = "iPhone Developer";
				COPY_PHASE_STRIP = NO;
				DEBUG_INFORMATION_FORMAT = "dwarf-with-dsym";
				ENABLE_NS_ASSERTIONS = NO;
				ENABLE_STRICT_OBJC_MSGSEND = YES;
				GCC_C_LANGUAGE_STANDARD = gnu99;
				GCC_NO_COMMON_BLOCKS = YES;
				GCC_WARN_64_TO_32_BIT_CONVERSION = YES;
				GCC_WARN_ABOUT_RETURN_TYPE = YES_ERROR;
				GCC_WARN_UNDECLARED_SELECTOR = YES;
				GCC_WARN_UNINITIALIZED_AUTOS = YES_AGGRESSIVE;
				GCC_WARN_UNUSED_FUNCTION = YES;
				GCC_WARN_UNUSED_VARIABLE = YES;
				IPHONEOS_DEPLOYMENT_TARGET = 9.3;
				MTL_ENABLE_DEBUG_INFO = NO;
				SDKROOT = iphoneos;
				TARGETED_DEVICE_FAMILY = "1,2";
				VALIDATE_PRODUCT = YES;
			};
			name = Release;
		};
		AFDC822B1D5D9A2500BF5577 /* Debug */ = {
			isa = XCBuildConfiguration;
			buildSettings = {
				ASSETCATALOG_COMPILER_APPICON_NAME = AppIcon;
				CODE_SIGN_IDENTITY = "iPhone Developer: KANG ZHENG (8KQEX577P8)";
				GCC_PRECOMPILE_PREFIX_HEADER = YES;
				GCC_PREFIX_HEADER = "$(SRCROOT)/LZBDEMO/PrefixHeader.pch";
				INFOPLIST_FILE = LZBDEMO/Info.plist;
				LD_RUNPATH_SEARCH_PATHS = "$(inherited) @executable_path/Frameworks";
				PRODUCT_BUNDLE_IDENTIFIER = com.huoban.iphone.HuoBan.Debug.LZBDEMO;
				PRODUCT_NAME = "$(TARGET_NAME)";
				PROVISIONING_PROFILE = "140cdbcf-6d77-4e54-8fe2-f73230bc82c8";
			};
			name = Debug;
		};
		AFDC822C1D5D9A2500BF5577 /* Release */ = {
			isa = XCBuildConfiguration;
			buildSettings = {
				ASSETCATALOG_COMPILER_APPICON_NAME = AppIcon;
				CODE_SIGN_IDENTITY = "iPhone Developer: KANG ZHENG (8KQEX577P8)";
				GCC_PRECOMPILE_PREFIX_HEADER = YES;
				GCC_PREFIX_HEADER = "$(SRCROOT)/LZBDEMO/PrefixHeader.pch";
				INFOPLIST_FILE = LZBDEMO/Info.plist;
				LD_RUNPATH_SEARCH_PATHS = "$(inherited) @executable_path/Frameworks";
				PRODUCT_BUNDLE_IDENTIFIER = com.huoban.iphone.HuoBan.Debug.LZBDEMO;
				PRODUCT_NAME = "$(TARGET_NAME)";
				PROVISIONING_PROFILE = "140cdbcf-6d77-4e54-8fe2-f73230bc82c8";
			};
			name = Release;
		};
/* End XCBuildConfiguration section */

/* Begin XCConfigurationList section */
		AFDC820E1D5D9A2500BF5577 /* Build configuration list for PBXProject "LZBDEMO" */ = {
			isa = XCConfigurationList;
			buildConfigurations = (
				AFDC82281D5D9A2500BF5577 /* Debug */,
				AFDC82291D5D9A2500BF5577 /* Release */,
			);
			defaultConfigurationIsVisible = 0;
			defaultConfigurationName = Release;
		};
		AFDC822A1D5D9A2500BF5577 /* Build configuration list for PBXNativeTarget "LZBDEMO" */ = {
			isa = XCConfigurationList;
			buildConfigurations = (
				AFDC822B1D5D9A2500BF5577 /* Debug */,
				AFDC822C1D5D9A2500BF5577 /* Release */,
			);
			defaultConfigurationIsVisible = 0;
			defaultConfigurationName = Release;
		};
/* End XCConfigurationList section */
	};
	rootObject = AFDC820B1D5D9A2500BF5577 /* Project object */;
}
